
Microsoft Visual Studio Solution File, Format Version 12.00
# Visual Studio 14
VisualStudioVersion = 14.0.25420.1
MinimumVisualStudioVersion = 10.0.40219.1
Project("{FAE04EC0-301F-11D3-BF4B-00C04F79EFBC}") = "FilmlerCokKatmanli.BLL", "FilmlerCokKatmanli.BLL\FilmlerCokKatmanli.BLL.csproj", "{EA966A6C-AB54-4D71-8615-4663CA01CCEC}"
EndProject
Project("{FAE04EC0-301F-11D3-BF4B-00C04F79EFBC}") = "FilmlerCokKatmanli.DAL", "FilmlerCokKatmanli.DAL\FilmlerCokKatmanli.DAL.csproj", "{EAE1CFE9-7E08-405A-8E24-642EC08ADA8F}"
EndProject
Project("{FAE04EC0-301F-11D3-BF4B-00C04F79EFBC}") = "FİlmlerCokKatmanli.UI", "FİlmlerCokKatmanli.UI\FİlmlerCokKatmanli.UI.csproj", "{5EDE5E02-D816-4D60-BA9F-B7E1B93E7028}"
EndProject
Project("{FAE04EC0-301F-11D3-BF4B-00C04F79EFBC}") = "FilmlerCokKatmanli.DTO", "FilmlerCokKatmanli.DTO\FilmlerCokKatmanli.DTO.csproj", "{084D32C8-ED02-4FDE-A38B-3273A573D8A3}"
EndProject
Global
	GlobalSection(SolutionConfigurationPlatforms) = preSolution
		Debug|Any CPU = Debug|Any CPU
		Release|Any CPU = Release|Any CPU
	EndGlobalSection
	GlobalSection(ProjectConfigurationPlatforms) = postSolution
		{EA966A6C-AB54-4D71-8615-4663CA01CCEC}.Debug|Any CPU.ActiveCfg = Debug|Any CPU
		{EA966A6C-AB54-4D71-8615-4663CA01CCEC}.Debug|Any CPU.Build.0 = Debug|Any CPU
		{EA966A6C-AB54-4D71-8615-4663CA01CCEC}.Release|Any CPU.ActiveCfg = Release|Any CPU
		{EA966A6C-AB54-4D71-8615-4663CA01CCEC}.Release|Any CPU.Build.0 = Release|Any CPU
		{EAE1CFE9-7E08-405A-8E24-642EC08ADA8F}.Debug|Any CPU.ActiveCfg = Debug|Any CPU
		{EAE1CFE9-7E08-405A-8E24-642EC08ADA8F}.Debug|Any CPU.Build.0 = Debug|Any CPU
		{EAE1CFE9-7E08-405A-8E24-642EC08ADA8F}.Release|Any CPU.ActiveCfg = Release|Any CPU
		{EAE1CFE9-7E08-405A-8E24-642EC08ADA8F}.Release|Any CPU.Build.0 = Release|Any CPU
		{5EDE5E02-D816-4D60-BA9F-B7E1B93E7028}.Debug|Any CPU.ActiveCfg = Debug|Any CPU
		{5EDE5E02-D816-4D60-BA9F-B7E1B93E7028}.Debug|Any CPU.Build.0 = Debug|Any CPU
		{5EDE5E02-D816-4D60-BA9F-B7E1B93E7028}.Release|Any CPU.ActiveCfg = Release|Any CPU
		{5EDE5E02-D816-4D60-BA9F-B7E1B93E7028}.Release|Any CPU.Build.0 = Release|Any CPU
		{084D32C8-ED02-4FDE-A38B-3273A573D8A3}.Debug|Any CPU.ActiveCfg = Debug|Any CPU
		{084D32C8-ED02-4FDE-A38B-3273A573D8A3}.Debug|Any CPU.Build.0 = Debug|Any CPU
		{084D32C8-ED02-4FDE-A38B-3273A573D8A3}.Release|Any CPU.ActiveCfg = Release|Any CPU
		{084D32C8-ED02-4FDE-A38B-3273A573D8A3}.Release|Any CPU.Build.0 = Release|Any CPU
	EndGlobalSection
	GlobalSection(SolutionProperties) = preSolution
		HideSolutionNode = FALSE
	EndGlobalSection
EndGlobal
